
Microsoft Visual Studio Solution File, Format Version 11.00
# Visual Studio 2010
# SharpDevelop 5.0
Project("{FAE04EC0-301F-11D3-BF4B-00C04F79EFBC}") = "MayMedEdad", "MayMedEdad\MayMedEdad.csproj", "{FD0C08E6-E481-4161-82CB-30C044242A01}"
EndProject
Global
	GlobalSection(SolutionConfigurationPlatforms) = preSolution
		Debug|Any CPU = Debug|Any CPU
		Release|Any CPU = Release|Any CPU
	EndGlobalSection
	GlobalSection(ProjectConfigurationPlatforms) = postSolution
		{FD0C08E6-E481-4161-82CB-30C044242A01}.Debug|Any CPU.ActiveCfg = Debug|Any CPU
		{FD0C08E6-E481-4161-82CB-30C044242A01}.Debug|Any CPU.Build.0 = Debug|Any CPU
		{FD0C08E6-E481-4161-82CB-30C044242A01}.Release|Any CPU.ActiveCfg = Release|Any CPU
		{FD0C08E6-E481-4161-82CB-30C044242A01}.Release|Any CPU.Build.0 = Release|Any CPU
	EndGlobalSection
EndGlobal
